
Microsoft Visual Studio Solution File, Format Version 12.00
# Visual Studio 2013
VisualStudioVersion = 12.0.21005.1
MinimumVisualStudioVersion = 10.0.40219.1
Project("{2150E333-8FDC-42A3-9474-1A3956D46DE8}") = "App", "App", "{B50F28A2-93B4-448C-B551-01F13C7326C1}"
EndProject
Project("{2150E333-8FDC-42A3-9474-1A3956D46DE8}") = "Test", "Test", "{4CD9C22A-55CB-45C5-9EF0-711C723BFDCC}"
EndProject
Project("{FAE04EC0-301F-11D3-BF4B-00C04F79EFBC}") = "Service", "Service\Service.csproj", "{77C32745-23DD-4A8C-B18A-B41790EF97E1}"
EndProject
Project("{FAE04EC0-301F-11D3-BF4B-00C04F79EFBC}") = "Data", "Data\Data.csproj", "{4D6005E5-2FC0-431B-A34D-4AB8ABC14CC4}"
EndProject
Project("{FAE04EC0-301F-11D3-BF4B-00C04F79EFBC}") = "Web", "Web\Web.csproj", "{9545ECDD-0A83-4C00-85B5-D84E50AF9DFF}"
EndProject
Project("{2150E333-8FDC-42A3-9474-1A3956D46DE8}") = ".nuget", ".nuget", "{90300820-6DB8-497A-8ADC-BD738923D2C0}"
	ProjectSection(SolutionItems) = preProject
		.nuget\NuGet.Config = .nuget\NuGet.Config
		.nuget\NuGet.exe = .nuget\NuGet.exe
		.nuget\NuGet.targets = .nuget\NuGet.targets
	EndProjectSection
EndProject
Project("{FAE04EC0-301F-11D3-BF4B-00C04F79EFBC}") = "Api", "Api\Api.csproj", "{F7DEF006-2FD1-4795-AFFA-BC073CC61248}"
EndProject
Project("{FAE04EC0-301F-11D3-BF4B-00C04F79EFBC}") = "ServiceTest", "ServiceTest\ServiceTest.csproj", "{143A1F63-F51A-4FA7-AE76-59FBBEBD26A2}"
EndProject
Project("{FAE04EC0-301F-11D3-BF4B-00C04F79EFBC}") = "DataTest", "DataTest\DataTest.csproj", "{EB0E6C48-5A12-4CE4-96AC-B7C848D00DE5}"
EndProject
Project("{FAE04EC0-301F-11D3-BF4B-00C04F79EFBC}") = "ImageServerApi", "FileServerApi\ImageServerApi.csproj", "{687FD1EC-5BA7-4964-AAB9-6D15468E0593}"
EndProject
Global
	GlobalSection(SolutionConfigurationPlatforms) = preSolution
		Debug|Any CPU = Debug|Any CPU
		Release|Any CPU = Release|Any CPU
	EndGlobalSection
	GlobalSection(ProjectConfigurationPlatforms) = postSolution
		{77C32745-23DD-4A8C-B18A-B41790EF97E1}.Debug|Any CPU.ActiveCfg = Debug|Any CPU
		{77C32745-23DD-4A8C-B18A-B41790EF97E1}.Debug|Any CPU.Build.0 = Debug|Any CPU
		{77C32745-23DD-4A8C-B18A-B41790EF97E1}.Release|Any CPU.ActiveCfg = Release|Any CPU
		{77C32745-23DD-4A8C-B18A-B41790EF97E1}.Release|Any CPU.Build.0 = Release|Any CPU
		{4D6005E5-2FC0-431B-A34D-4AB8ABC14CC4}.Debug|Any CPU.ActiveCfg = Debug|Any CPU
		{4D6005E5-2FC0-431B-A34D-4AB8ABC14CC4}.Debug|Any CPU.Build.0 = Debug|Any CPU
		{4D6005E5-2FC0-431B-A34D-4AB8ABC14CC4}.Release|Any CPU.ActiveCfg = Release|Any CPU
		{4D6005E5-2FC0-431B-A34D-4AB8ABC14CC4}.Release|Any CPU.Build.0 = Release|Any CPU
		{9545ECDD-0A83-4C00-85B5-D84E50AF9DFF}.Debug|Any CPU.ActiveCfg = Debug|Any CPU
		{9545ECDD-0A83-4C00-85B5-D84E50AF9DFF}.Debug|Any CPU.Build.0 = Debug|Any CPU
		{9545ECDD-0A83-4C00-85B5-D84E50AF9DFF}.Release|Any CPU.ActiveCfg = Release|Any CPU
		{9545ECDD-0A83-4C00-85B5-D84E50AF9DFF}.Release|Any CPU.Build.0 = Release|Any CPU
		{F7DEF006-2FD1-4795-AFFA-BC073CC61248}.Debug|Any CPU.ActiveCfg = Debug|Any CPU
		{F7DEF006-2FD1-4795-AFFA-BC073CC61248}.Debug|Any CPU.Build.0 = Debug|Any CPU
		{F7DEF006-2FD1-4795-AFFA-BC073CC61248}.Release|Any CPU.ActiveCfg = Release|Any CPU
		{F7DEF006-2FD1-4795-AFFA-BC073CC61248}.Release|Any CPU.Build.0 = Release|Any CPU
		{143A1F63-F51A-4FA7-AE76-59FBBEBD26A2}.Debug|Any CPU.ActiveCfg = Debug|Any CPU
		{143A1F63-F51A-4FA7-AE76-59FBBEBD26A2}.Debug|Any CPU.Build.0 = Debug|Any CPU
		{143A1F63-F51A-4FA7-AE76-59FBBEBD26A2}.Release|Any CPU.ActiveCfg = Release|Any CPU
		{143A1F63-F51A-4FA7-AE76-59FBBEBD26A2}.Release|Any CPU.Build.0 = Release|Any CPU
		{EB0E6C48-5A12-4CE4-96AC-B7C848D00DE5}.Debug|Any CPU.ActiveCfg = Debug|Any CPU
		{EB0E6C48-5A12-4CE4-96AC-B7C848D00DE5}.Debug|Any CPU.Build.0 = Debug|Any CPU
		{EB0E6C48-5A12-4CE4-96AC-B7C848D00DE5}.Release|Any CPU.ActiveCfg = Release|Any CPU
		{EB0E6C48-5A12-4CE4-96AC-B7C848D00DE5}.Release|Any CPU.Build.0 = Release|Any CPU
		{687FD1EC-5BA7-4964-AAB9-6D15468E0593}.Debug|Any CPU.ActiveCfg = Debug|Any CPU
		{687FD1EC-5BA7-4964-AAB9-6D15468E0593}.Debug|Any CPU.Build.0 = Debug|Any CPU
		{687FD1EC-5BA7-4964-AAB9-6D15468E0593}.Release|Any CPU.ActiveCfg = Release|Any CPU
		{687FD1EC-5BA7-4964-AAB9-6D15468E0593}.Release|Any CPU.Build.0 = Release|Any CPU
	EndGlobalSection
	GlobalSection(SolutionProperties) = preSolution
		HideSolutionNode = FALSE
	EndGlobalSection
	GlobalSection(NestedProjects) = preSolution
		{77C32745-23DD-4A8C-B18A-B41790EF97E1} = {B50F28A2-93B4-448C-B551-01F13C7326C1}
		{4D6005E5-2FC0-431B-A34D-4AB8ABC14CC4} = {B50F28A2-93B4-448C-B551-01F13C7326C1}
		{9545ECDD-0A83-4C00-85B5-D84E50AF9DFF} = {B50F28A2-93B4-448C-B551-01F13C7326C1}
		{F7DEF006-2FD1-4795-AFFA-BC073CC61248} = {B50F28A2-93B4-448C-B551-01F13C7326C1}
		{687FD1EC-5BA7-4964-AAB9-6D15468E0593} = {B50F28A2-93B4-448C-B551-01F13C7326C1}
		{143A1F63-F51A-4FA7-AE76-59FBBEBD26A2} = {4CD9C22A-55CB-45C5-9EF0-711C723BFDCC}
		{EB0E6C48-5A12-4CE4-96AC-B7C848D00DE5} = {4CD9C22A-55CB-45C5-9EF0-711C723BFDCC}
	EndGlobalSection
EndGlobal
